
Microsoft Visual Studio Solution File, Format Version 12.00
# Visual Studio Version 17
VisualStudioVersion = 17.10.34916.146
MinimumVisualStudioVersion = 10.0.40219.1
Project("{FAE04EC0-301F-11D3-BF4B-00C04F79EFBC}") = "ProyectoP2", "ProyectoP2\ProyectoP2.csproj", "{CDCE935E-4226-4582-825D-59A596957DBE}"
EndProject
Global
	GlobalSection(SolutionConfigurationPlatforms) = preSolution
		Debug|Any CPU = Debug|Any CPU
		Release|Any CPU = Release|Any CPU
	EndGlobalSection
	GlobalSection(ProjectConfigurationPlatforms) = postSolution
		{CDCE935E-4226-4582-825D-59A596957DBE}.Debug|Any CPU.ActiveCfg = Debug|Any CPU
		{CDCE935E-4226-4582-825D-59A596957DBE}.Debug|Any CPU.Build.0 = Debug|Any CPU
		{CDCE935E-4226-4582-825D-59A596957DBE}.Debug|Any CPU.Deploy.0 = Debug|Any CPU
		{CDCE935E-4226-4582-825D-59A596957DBE}.Release|Any CPU.ActiveCfg = Release|Any CPU
		{CDCE935E-4226-4582-825D-59A596957DBE}.Release|Any CPU.Build.0 = Release|Any CPU
		{CDCE935E-4226-4582-825D-59A596957DBE}.Release|Any CPU.Deploy.0 = Release|Any CPU
	EndGlobalSection
	GlobalSection(SolutionProperties) = preSolution
		HideSolutionNode = FALSE
	EndGlobalSection
	GlobalSection(ExtensibilityGlobals) = postSolution
		SolutionGuid = {A8097E9F-2344-4138-BA5A-9189CAF95939}
	EndGlobalSection
EndGlobal
